
Microsoft Visual Studio Solution File, Format Version 12.00
# Visual Studio Version 17
VisualStudioVersion = 17.7.34031.279
MinimumVisualStudioVersion = 10.0.40219.1
Project("{8BC9CEB8-8B4A-11D0-8D11-00A0C91BC942}") = "АСД_ЛАБ_2", "АСД_ЛАБ_2\АСД_ЛАБ_2.vcxproj", "{FC6023C2-300D-4109-A134-F3D758C336B4}"
EndProject
Global
	GlobalSection(SolutionConfigurationPlatforms) = preSolution
		Debug|x64 = Debug|x64
		Debug|x86 = Debug|x86
		Release|x64 = Release|x64
		Release|x86 = Release|x86
	EndGlobalSection
	GlobalSection(ProjectConfigurationPlatforms) = postSolution
		{FC6023C2-300D-4109-A134-F3D758C336B4}.Debug|x64.ActiveCfg = Debug|x64
		{FC6023C2-300D-4109-A134-F3D758C336B4}.Debug|x64.Build.0 = Debug|x64
		{FC6023C2-300D-4109-A134-F3D758C336B4}.Debug|x86.ActiveCfg = Debug|Win32
		{FC6023C2-300D-4109-A134-F3D758C336B4}.Debug|x86.Build.0 = Debug|Win32
		{FC6023C2-300D-4109-A134-F3D758C336B4}.Release|x64.ActiveCfg = Release|x64
		{FC6023C2-300D-4109-A134-F3D758C336B4}.Release|x64.Build.0 = Release|x64
		{FC6023C2-300D-4109-A134-F3D758C336B4}.Release|x86.ActiveCfg = Release|Win32
		{FC6023C2-300D-4109-A134-F3D758C336B4}.Release|x86.Build.0 = Release|Win32
	EndGlobalSection
	GlobalSection(SolutionProperties) = preSolution
		HideSolutionNode = FALSE
	EndGlobalSection
	GlobalSection(ExtensibilityGlobals) = postSolution
		SolutionGuid = {A58EA13C-9A33-497D-A0B7-BD998745BA59}
	EndGlobalSection
EndGlobal
